
Microsoft Visual Studio Solution File, Format Version 12.00
# Visual Studio Version 17
VisualStudioVersion = 17.1.32228.430
MinimumVisualStudioVersion = 10.0.40219.1
Project("{FAE04EC0-301F-11D3-BF4B-00C04F79EFBC}") = "Projekt", "Projekt\Projekt.csproj", "{0A36622F-F474-452B-9434-9AF4DE7ACCC3}"
EndProject
Project("{FAE04EC0-301F-11D3-BF4B-00C04F79EFBC}") = "Lib", "Lib\Lib.csproj", "{77C118A2-DDE5-420A-BC67-AE9B6508AFAA}"
EndProject
Project("{FAE04EC0-301F-11D3-BF4B-00C04F79EFBC}") = "WPF Projekt", "WPF Projekt\WPF Projekt.csproj", "{FA5C0067-4E3B-4263-89BF-733642714EEC}"
EndProject
Global
	GlobalSection(SolutionConfigurationPlatforms) = preSolution
		Debug|Any CPU = Debug|Any CPU
		Release|Any CPU = Release|Any CPU
	EndGlobalSection
	GlobalSection(ProjectConfigurationPlatforms) = postSolution
		{0A36622F-F474-452B-9434-9AF4DE7ACCC3}.Debug|Any CPU.ActiveCfg = Debug|Any CPU
		{0A36622F-F474-452B-9434-9AF4DE7ACCC3}.Debug|Any CPU.Build.0 = Debug|Any CPU
		{0A36622F-F474-452B-9434-9AF4DE7ACCC3}.Release|Any CPU.ActiveCfg = Release|Any CPU
		{0A36622F-F474-452B-9434-9AF4DE7ACCC3}.Release|Any CPU.Build.0 = Release|Any CPU
		{77C118A2-DDE5-420A-BC67-AE9B6508AFAA}.Debug|Any CPU.ActiveCfg = Debug|Any CPU
		{77C118A2-DDE5-420A-BC67-AE9B6508AFAA}.Debug|Any CPU.Build.0 = Debug|Any CPU
		{77C118A2-DDE5-420A-BC67-AE9B6508AFAA}.Release|Any CPU.ActiveCfg = Release|Any CPU
		{77C118A2-DDE5-420A-BC67-AE9B6508AFAA}.Release|Any CPU.Build.0 = Release|Any CPU
		{FA5C0067-4E3B-4263-89BF-733642714EEC}.Debug|Any CPU.ActiveCfg = Debug|Any CPU
		{FA5C0067-4E3B-4263-89BF-733642714EEC}.Debug|Any CPU.Build.0 = Debug|Any CPU
		{FA5C0067-4E3B-4263-89BF-733642714EEC}.Release|Any CPU.ActiveCfg = Release|Any CPU
		{FA5C0067-4E3B-4263-89BF-733642714EEC}.Release|Any CPU.Build.0 = Release|Any CPU
	EndGlobalSection
	GlobalSection(SolutionProperties) = preSolution
		HideSolutionNode = FALSE
	EndGlobalSection
	GlobalSection(ExtensibilityGlobals) = postSolution
		SolutionGuid = {1638ABF7-4C8B-450F-9788-A5B8E093A0DF}
	EndGlobalSection
EndGlobal
